
Microsoft Visual Studio Solution File, Format Version 12.00
# Visual Studio Version 16
VisualStudioVersion = 16.0.30523.141
MinimumVisualStudioVersion = 10.0.40219.1
Project("{FAE04EC0-301F-11D3-BF4B-00C04F79EFBC}") = "Fireplace", "Fireplace\Fireplace.csproj", "{B5CF6425-39BE-40C5-8DEC-A6A1CC59083A}"
EndProject
Global
	GlobalSection(SolutionConfigurationPlatforms) = preSolution
		Debug|Any CPU = Debug|Any CPU
		Release|Any CPU = Release|Any CPU
	EndGlobalSection
	GlobalSection(ProjectConfigurationPlatforms) = postSolution
		{B5CF6425-39BE-40C5-8DEC-A6A1CC59083A}.Debug|Any CPU.ActiveCfg = Debug|Any CPU
		{B5CF6425-39BE-40C5-8DEC-A6A1CC59083A}.Debug|Any CPU.Build.0 = Debug|Any CPU
		{B5CF6425-39BE-40C5-8DEC-A6A1CC59083A}.Release|Any CPU.ActiveCfg = Release|Any CPU
		{B5CF6425-39BE-40C5-8DEC-A6A1CC59083A}.Release|Any CPU.Build.0 = Release|Any CPU
	EndGlobalSection
	GlobalSection(SolutionProperties) = preSolution
		HideSolutionNode = FALSE
	EndGlobalSection
	GlobalSection(ExtensibilityGlobals) = postSolution
		SolutionGuid = {CE1D7336-2826-4338-A5B8-56F9A2B9075A}
	EndGlobalSection
EndGlobal
